
Microsoft Visual Studio Solution File, Format Version 12.00
# Visual Studio 2013
VisualStudioVersion = 12.0.31101.0
MinimumVisualStudioVersion = 10.0.40219.1
Project("{FAE04EC0-301F-11D3-BF4B-00C04F79EFBC}") = "RUAP_LV4", "RUAP_LV4\RUAP_LV4.csproj", "{CC6B29E6-4C34-42B2-B2E0-DBB0A7944465}"
EndProject
Project("{2150E333-8FDC-42A3-9474-1A3956D46DE8}") = ".nuget", ".nuget", "{33D7DE68-3F81-4E33-8678-3404B3221645}"
	ProjectSection(SolutionItems) = preProject
		.nuget\packages.config = .nuget\packages.config
	EndProjectSection
EndProject
Global
	GlobalSection(SolutionConfigurationPlatforms) = preSolution
		Debug|Any CPU = Debug|Any CPU
		Release|Any CPU = Release|Any CPU
	EndGlobalSection
	GlobalSection(ProjectConfigurationPlatforms) = postSolution
		{CC6B29E6-4C34-42B2-B2E0-DBB0A7944465}.Debug|Any CPU.ActiveCfg = Debug|Any CPU
		{CC6B29E6-4C34-42B2-B2E0-DBB0A7944465}.Debug|Any CPU.Build.0 = Debug|Any CPU
		{CC6B29E6-4C34-42B2-B2E0-DBB0A7944465}.Release|Any CPU.ActiveCfg = Release|Any CPU
		{CC6B29E6-4C34-42B2-B2E0-DBB0A7944465}.Release|Any CPU.Build.0 = Release|Any CPU
	EndGlobalSection
	GlobalSection(SolutionProperties) = preSolution
		HideSolutionNode = FALSE
	EndGlobalSection
EndGlobal
